
Microsoft Visual Studio Solution File, Format Version 12.00
# Visual Studio Version 17
VisualStudioVersion = 17.4.33110.190
MinimumVisualStudioVersion = 10.0.40219.1
Project("{FAE04EC0-301F-11D3-BF4B-00C04F79EFBC}") = "UZahlenraten", "UZahlenraten\UZahlenraten.csproj", "{08AC0B49-95BF-4452-8D2A-6E214FB4BEA3}"
EndProject
Global
	GlobalSection(SolutionConfigurationPlatforms) = preSolution
		Debug|Any CPU = Debug|Any CPU
		Release|Any CPU = Release|Any CPU
	EndGlobalSection
	GlobalSection(ProjectConfigurationPlatforms) = postSolution
		{08AC0B49-95BF-4452-8D2A-6E214FB4BEA3}.Debug|Any CPU.ActiveCfg = Debug|Any CPU
		{08AC0B49-95BF-4452-8D2A-6E214FB4BEA3}.Debug|Any CPU.Build.0 = Debug|Any CPU
		{08AC0B49-95BF-4452-8D2A-6E214FB4BEA3}.Release|Any CPU.ActiveCfg = Release|Any CPU
		{08AC0B49-95BF-4452-8D2A-6E214FB4BEA3}.Release|Any CPU.Build.0 = Release|Any CPU
	EndGlobalSection
	GlobalSection(SolutionProperties) = preSolution
		HideSolutionNode = FALSE
	EndGlobalSection
	GlobalSection(ExtensibilityGlobals) = postSolution
		SolutionGuid = {31866533-946A-4D88-A9AC-C3DB2EE41831}
	EndGlobalSection
EndGlobal
